
Microsoft Visual Studio Solution File, Format Version 12.00
# Visual Studio 14
VisualStudioVersion = 14.0.25420.1
MinimumVisualStudioVersion = 10.0.40219.1
Project("{FAE04EC0-301F-11D3-BF4B-00C04F79EFBC}") = "DelLGitPRueba", "DelLGitPRueba\DelLGitPRueba.csproj", "{AB021C49-804D-4CA1-B82D-BE0D6B7BFFBD}"
EndProject
Global
	GlobalSection(SolutionConfigurationPlatforms) = preSolution
		Debug|Any CPU = Debug|Any CPU
		Release|Any CPU = Release|Any CPU
	EndGlobalSection
	GlobalSection(ProjectConfigurationPlatforms) = postSolution
		{AB021C49-804D-4CA1-B82D-BE0D6B7BFFBD}.Debug|Any CPU.ActiveCfg = Debug|Any CPU
		{AB021C49-804D-4CA1-B82D-BE0D6B7BFFBD}.Debug|Any CPU.Build.0 = Debug|Any CPU
		{AB021C49-804D-4CA1-B82D-BE0D6B7BFFBD}.Release|Any CPU.ActiveCfg = Release|Any CPU
		{AB021C49-804D-4CA1-B82D-BE0D6B7BFFBD}.Release|Any CPU.Build.0 = Release|Any CPU
	EndGlobalSection
	GlobalSection(SolutionProperties) = preSolution
		HideSolutionNode = FALSE
	EndGlobalSection
EndGlobal
